schemaVersion: 1
verifiedAt: "2026-09-03"

runtime:
  node: "24.20.0"
  alpine: "3.23"
  baseImageIndexDigest: "sha256:0388af2af070cd4736a1567cfed02469ba117848845b4165d87a333edb53d2ca"

dependencies:
  express: "5.2.1"
  prometheusClient: "0.16.1"
  pg: "8.23.0"
  nodePgMigrate: "9.0.0"
  eslint: "10.9.1"

database:
  postgres: "17.6-alpine"
  imageIndexDigest: "sha256:ef257d85f76e48da1c64832459b59fcaba1a4dac97bf5d7450c77753542eee94"

delivery:
  configureAwsCredentialsAction: "6.2.3"
  configureAwsCredentialsActionSha: "e6de054238d6b7531b4efff3b6587d9aade6a06c"
  dependencyReviewAction: "5.0.0"
  dependencyReviewActionSha: "a1d282b36b6f3519aa1f3fc636f609c47dddb294"
  targetPlatforms:
    - linux/amd64
    - linux/arm64
